
Microsoft Visual Studio Solution File, Format Version 12.00
# Visual Studio 15
VisualStudioVersion = 15.0.27703.2000
MinimumVisualStudioVersion = 10.0.40219.1
Project("{FAE04EC0-301F-11D3-BF4B-00C04F79EFBC}") = "BonAppetit", "BonAppetit\BonAppetit.csproj", "{CB434A72-A294-4846-956F-DBB5BF93863B}"
EndProject
Global
	GlobalSection(SolutionConfigurationPlatforms) = preSolution
		Debug|Any CPU = Debug|Any CPU
		Release|Any CPU = Release|Any CPU
	EndGlobalSection
	GlobalSection(ProjectConfigurationPlatforms) = postSolution
		{CB434A72-A294-4846-956F-DBB5BF93863B}.Debug|Any CPU.ActiveCfg = Debug|Any CPU
		{CB434A72-A294-4846-956F-DBB5BF93863B}.Debug|Any CPU.Build.0 = Debug|Any CPU
		{CB434A72-A294-4846-956F-DBB5BF93863B}.Release|Any CPU.ActiveCfg = Release|Any CPU
		{CB434A72-A294-4846-956F-DBB5BF93863B}.Release|Any CPU.Build.0 = Release|Any CPU
	EndGlobalSection
	GlobalSection(SolutionProperties) = preSolution
		HideSolutionNode = FALSE
	EndGlobalSection
	GlobalSection(ExtensibilityGlobals) = postSolution
		SolutionGuid = {7266E426-956A-4DA3-BD82-CFD6A5FB17C2}
	EndGlobalSection
EndGlobal
